
Microsoft Visual Studio Solution File, Format Version 12.00
# Visual Studio 15
VisualStudioVersion = 15.0.28307.106
MinimumVisualStudioVersion = 10.0.40219.1
Project("{2150E333-8FDC-42A3-9474-1A3956D46DE8}") = "CORE", "CORE", "{662C037E-0C51-4C05-A0EC-B792346FE0A2}"
EndProject
Project("{2150E333-8FDC-42A3-9474-1A3956D46DE8}") = "FCT", "FCT", "{BABEDAA3-3013-41F5-8670-C114B9A81000}"
EndProject
Project("{2150E333-8FDC-42A3-9474-1A3956D46DE8}") = "Core", "Core", "{63383C05-7091-401D-BA52-C13AB2CBEB94}"
EndProject
Project("{2150E333-8FDC-42A3-9474-1A3956D46DE8}") = "Infraestructura", "Infraestructura", "{9F336445-ECA7-4A7B-9103-9ADBAB65EBE4}"
EndProject
Project("{2150E333-8FDC-42A3-9474-1A3956D46DE8}") = "Servicios", "Servicios", "{7BD94F90-63E7-4B7F-8397-F0371012A415}"
EndProject
Project("{2150E333-8FDC-42A3-9474-1A3956D46DE8}") = "Test", "Test", "{FEB9FFEF-0621-4E21-85E1-5DF0A546CE78}"
EndProject
Project("{9A19103F-16F7-4668-BE54-9A1E7A4F7556}") = "SIG.FCT.CORE.Aplicacion", "FCT\SIG.FCT.CORE.Aplicacion\SIG.FCT.CORE.Aplicacion.csproj", "{BE831056-A8A0-4B42-93A3-41BBCFF1153E}"
EndProject
Project("{9A19103F-16F7-4668-BE54-9A1E7A4F7556}") = "SIG.FCT.Persistencia.EF", "FCT\SIG.FCT.Persistencia.EF\SIG.FCT.Persistencia.EF.csproj", "{A1F09639-8685-42FB-9827-3E99214291E6}"
EndProject
Project("{9A19103F-16F7-4668-BE54-9A1E7A4F7556}") = "SIG.FCT.Servicios.REST", "FCT\SIG.FCT.Servicios.REST\SIG.FCT.Servicios.REST.csproj", "{A282FD40-167C-40A1-A761-7A25CB5AEEA8}"
EndProject
Project("{9A19103F-16F7-4668-BE54-9A1E7A4F7556}") = "SIG.FCT.CORE.Entidades", "FCT\SIG.FCT.CORE.Entidades\SIG.FCT.CORE.Entidades.csproj", "{CA9ADE6F-4F98-41E8-961F-9A710C111AC7}"
EndProject
Project("{2150E333-8FDC-42A3-9474-1A3956D46DE8}") = "Core", "Core", "{16C9E1B7-09AC-4B17-997B-8B7B7E2D7670}"
EndProject
Project("{2150E333-8FDC-42A3-9474-1A3956D46DE8}") = "Infraestructura", "Infraestructura", "{9F562D12-7C49-4EF9-A86B-CDADC3CCE9CC}"
EndProject
Project("{2150E333-8FDC-42A3-9474-1A3956D46DE8}") = "Servicios", "Servicios", "{1A927D85-9678-4D89-BC57-E58679FEDD35}"
EndProject
Project("{2150E333-8FDC-42A3-9474-1A3956D46DE8}") = "Test", "Test", "{FF19978F-1D53-431C-A03F-A088AB87D3ED}"
EndProject
Project("{9A19103F-16F7-4668-BE54-9A1E7A4F7556}") = "SIG.CORE.Comun", "CORE\SIG.CORE.Comun\SIG.CORE.Comun.csproj", "{7005A915-543A-4152-B0F8-1FB637B03CCA}"
EndProject
Project("{9A19103F-16F7-4668-BE54-9A1E7A4F7556}") = "SIG.CORE.Aplicacion", "CORE\SIG.CORE.Aplicacion\SIG.CORE.Aplicacion.csproj", "{7B4B03F4-4D12-4DB0-9A53-7EABB2DB85E5}"
EndProject
Project("{9A19103F-16F7-4668-BE54-9A1E7A4F7556}") = "SIG.CORE.Seguridad", "CORE\SIG.CORE.Seguridad\SIG.CORE.Seguridad.csproj", "{05DDD205-29B4-4104-B46A-9D0F4EA6F158}"
EndProject
Project("{9A19103F-16F7-4668-BE54-9A1E7A4F7556}") = "SIG.CORE.Persistencia.EF", "CORE\SIG.CORE.Persistencia.EF\SIG.CORE.Persistencia.EF.csproj", "{DAA2858B-774A-47B2-B3EF-E48568BD26B7}"
EndProject
Project("{9A19103F-16F7-4668-BE54-9A1E7A4F7556}") = "SIG.CORE.Servicios.Seguridad", "CORE\SIG.CORE.Servicios.Seguridad\SIG.CORE.Servicios.Seguridad.csproj", "{30BD8E1F-68A2-46B4-9D44-36B7217551B4}"
EndProject
Project("{9A19103F-16F7-4668-BE54-9A1E7A4F7556}") = "WebApplication3", "WebApplication3\WebApplication3.csproj", "{0097EB8A-21C5-4C4D-B776-2E8F5C0FC98A}"
EndProject
Project("{FAE04EC0-301F-11D3-BF4B-00C04F79EFBC}") = "SIG.CORE.IU.Seguridad", "SIG.CORE.IU.Seguridad\SIG.CORE.IU.Seguridad.csproj", "{3C1A2615-B5F2-4A20-82D0-E837178AC412}"
EndProject
Global
	GlobalSection(SolutionConfigurationPlatforms) = preSolution
		Debug|Any CPU = Debug|Any CPU
		Release|Any CPU = Release|Any CPU
	EndGlobalSection
	GlobalSection(ProjectConfigurationPlatforms) = postSolution
		{BE831056-A8A0-4B42-93A3-41BBCFF1153E}.Debug|Any CPU.ActiveCfg = Debug|Any CPU
		{BE831056-A8A0-4B42-93A3-41BBCFF1153E}.Debug|Any CPU.Build.0 = Debug|Any CPU
		{BE831056-A8A0-4B42-93A3-41BBCFF1153E}.Release|Any CPU.ActiveCfg = Release|Any CPU
		{BE831056-A8A0-4B42-93A3-41BBCFF1153E}.Release|Any CPU.Build.0 = Release|Any CPU
		{A1F09639-8685-42FB-9827-3E99214291E6}.Debug|Any CPU.ActiveCfg = Debug|Any CPU
		{A1F09639-8685-42FB-9827-3E99214291E6}.Debug|Any CPU.Build.0 = Debug|Any CPU
		{A1F09639-8685-42FB-9827-3E99214291E6}.Release|Any CPU.ActiveCfg = Release|Any CPU
		{A1F09639-8685-42FB-9827-3E99214291E6}.Release|Any CPU.Build.0 = Release|Any CPU
		{A282FD40-167C-40A1-A761-7A25CB5AEEA8}.Debug|Any CPU.ActiveCfg = Debug|Any CPU
		{A282FD40-167C-40A1-A761-7A25CB5AEEA8}.Debug|Any CPU.Build.0 = Debug|Any CPU
		{A282FD40-167C-40A1-A761-7A25CB5AEEA8}.Release|Any CPU.ActiveCfg = Release|Any CPU
		{A282FD40-167C-40A1-A761-7A25CB5AEEA8}.Release|Any CPU.Build.0 = Release|Any CPU
		{CA9ADE6F-4F98-41E8-961F-9A710C111AC7}.Debug|Any CPU.ActiveCfg = Debug|Any CPU
		{CA9ADE6F-4F98-41E8-961F-9A710C111AC7}.Debug|Any CPU.Build.0 = Debug|Any CPU
		{CA9ADE6F-4F98-41E8-961F-9A710C111AC7}.Release|Any CPU.ActiveCfg = Release|Any CPU
		{CA9ADE6F-4F98-41E8-961F-9A710C111AC7}.Release|Any CPU.Build.0 = Release|Any CPU
		{7005A915-543A-4152-B0F8-1FB637B03CCA}.Debug|Any CPU.ActiveCfg = Debug|Any CPU
		{7005A915-543A-4152-B0F8-1FB637B03CCA}.Debug|Any CPU.Build.0 = Debug|Any CPU
		{7005A915-543A-4152-B0F8-1FB637B03CCA}.Release|Any CPU.ActiveCfg = Release|Any CPU
		{7005A915-543A-4152-B0F8-1FB637B03CCA}.Release|Any CPU.Build.0 = Release|Any CPU
		{7B4B03F4-4D12-4DB0-9A53-7EABB2DB85E5}.Debug|Any CPU.ActiveCfg = Debug|Any CPU
		{7B4B03F4-4D12-4DB0-9A53-7EABB2DB85E5}.Debug|Any CPU.Build.0 = Debug|Any CPU
		{7B4B03F4-4D12-4DB0-9A53-7EABB2DB85E5}.Release|Any CPU.ActiveCfg = Release|Any CPU
		{7B4B03F4-4D12-4DB0-9A53-7EABB2DB85E5}.Release|Any CPU.Build.0 = Release|Any CPU
		{05DDD205-29B4-4104-B46A-9D0F4EA6F158}.Debug|Any CPU.ActiveCfg = Debug|Any CPU
		{05DDD205-29B4-4104-B46A-9D0F4EA6F158}.Debug|Any CPU.Build.0 = Debug|Any CPU
		{05DDD205-29B4-4104-B46A-9D0F4EA6F158}.Release|Any CPU.ActiveCfg = Release|Any CPU
		{05DDD205-29B4-4104-B46A-9D0F4EA6F158}.Release|Any CPU.Build.0 = Release|Any CPU
		{DAA2858B-774A-47B2-B3EF-E48568BD26B7}.Debug|Any CPU.ActiveCfg = Debug|Any CPU
		{DAA2858B-774A-47B2-B3EF-E48568BD26B7}.Debug|Any CPU.Build.0 = Debug|Any CPU
		{DAA2858B-774A-47B2-B3EF-E48568BD26B7}.Release|Any CPU.ActiveCfg = Release|Any CPU
		{DAA2858B-774A-47B2-B3EF-E48568BD26B7}.Release|Any CPU.Build.0 = Release|Any CPU
		{30BD8E1F-68A2-46B4-9D44-36B7217551B4}.Debug|Any CPU.ActiveCfg = Debug|Any CPU
		{30BD8E1F-68A2-46B4-9D44-36B7217551B4}.Debug|Any CPU.Build.0 = Debug|Any CPU
		{30BD8E1F-68A2-46B4-9D44-36B7217551B4}.Release|Any CPU.ActiveCfg = Release|Any CPU
		{30BD8E1F-68A2-46B4-9D44-36B7217551B4}.Release|Any CPU.Build.0 = Release|Any CPU
		{0097EB8A-21C5-4C4D-B776-2E8F5C0FC98A}.Debug|Any CPU.ActiveCfg = Debug|Any CPU
		{0097EB8A-21C5-4C4D-B776-2E8F5C0FC98A}.Debug|Any CPU.Build.0 = Debug|Any CPU
		{0097EB8A-21C5-4C4D-B776-2E8F5C0FC98A}.Release|Any CPU.ActiveCfg = Release|Any CPU
		{0097EB8A-21C5-4C4D-B776-2E8F5C0FC98A}.Release|Any CPU.Build.0 = Release|Any CPU
		{3C1A2615-B5F2-4A20-82D0-E837178AC412}.Debug|Any CPU.ActiveCfg = Debug|Any CPU
		{3C1A2615-B5F2-4A20-82D0-E837178AC412}.Debug|Any CPU.Build.0 = Debug|Any CPU
		{3C1A2615-B5F2-4A20-82D0-E837178AC412}.Release|Any CPU.ActiveCfg = Release|Any CPU
		{3C1A2615-B5F2-4A20-82D0-E837178AC412}.Release|Any CPU.Build.0 = Release|Any CPU
	EndGlobalSection
	GlobalSection(SolutionProperties) = preSolution
		HideSolutionNode = FALSE
	EndGlobalSection
	GlobalSection(NestedProjects) = preSolution
		{63383C05-7091-401D-BA52-C13AB2CBEB94} = {BABEDAA3-3013-41F5-8670-C114B9A81000}
		{9F336445-ECA7-4A7B-9103-9ADBAB65EBE4} = {BABEDAA3-3013-41F5-8670-C114B9A81000}
		{7BD94F90-63E7-4B7F-8397-F0371012A415} = {BABEDAA3-3013-41F5-8670-C114B9A81000}
		{FEB9FFEF-0621-4E21-85E1-5DF0A546CE78} = {BABEDAA3-3013-41F5-8670-C114B9A81000}
		{BE831056-A8A0-4B42-93A3-41BBCFF1153E} = {63383C05-7091-401D-BA52-C13AB2CBEB94}
		{A1F09639-8685-42FB-9827-3E99214291E6} = {9F336445-ECA7-4A7B-9103-9ADBAB65EBE4}
		{A282FD40-167C-40A1-A761-7A25CB5AEEA8} = {7BD94F90-63E7-4B7F-8397-F0371012A415}
		{CA9ADE6F-4F98-41E8-961F-9A710C111AC7} = {63383C05-7091-401D-BA52-C13AB2CBEB94}
		{16C9E1B7-09AC-4B17-997B-8B7B7E2D7670} = {662C037E-0C51-4C05-A0EC-B792346FE0A2}
		{9F562D12-7C49-4EF9-A86B-CDADC3CCE9CC} = {662C037E-0C51-4C05-A0EC-B792346FE0A2}
		{1A927D85-9678-4D89-BC57-E58679FEDD35} = {662C037E-0C51-4C05-A0EC-B792346FE0A2}
		{FF19978F-1D53-431C-A03F-A088AB87D3ED} = {662C037E-0C51-4C05-A0EC-B792346FE0A2}
		{7005A915-543A-4152-B0F8-1FB637B03CCA} = {16C9E1B7-09AC-4B17-997B-8B7B7E2D7670}
		{7B4B03F4-4D12-4DB0-9A53-7EABB2DB85E5} = {16C9E1B7-09AC-4B17-997B-8B7B7E2D7670}
		{05DDD205-29B4-4104-B46A-9D0F4EA6F158} = {16C9E1B7-09AC-4B17-997B-8B7B7E2D7670}
		{DAA2858B-774A-47B2-B3EF-E48568BD26B7} = {9F562D12-7C49-4EF9-A86B-CDADC3CCE9CC}
		{30BD8E1F-68A2-46B4-9D44-36B7217551B4} = {1A927D85-9678-4D89-BC57-E58679FEDD35}
		{0097EB8A-21C5-4C4D-B776-2E8F5C0FC98A} = {FF19978F-1D53-431C-A03F-A088AB87D3ED}
		{3C1A2615-B5F2-4A20-82D0-E837178AC412} = {FF19978F-1D53-431C-A03F-A088AB87D3ED}
	EndGlobalSection
	GlobalSection(ExtensibilityGlobals) = postSolution
		SolutionGuid = {60618F80-0CC7-4387-8A20-9F4DFFD217A3}
	EndGlobalSection
EndGlobal
